
Microsoft Visual Studio Solution File, Format Version 12.00
# Visual Studio Version 17
VisualStudioVersion = 17.2.32314.265
MinimumVisualStudioVersion = 10.0.40219.1
Project("{9A19103F-16F7-4668-BE54-9A1E7A4F7556}") = "EventCatalogApi", "EventCatalogApi\EventCatalogApi.csproj", "{E1A275AE-152F-4917-BD35-9585B57196F9}"
EndProject
Project("{2150E333-8FDC-42A3-9474-1A3956D46DE8}") = "src", "src", "{0B763EBD-6D4F-43A5-AEFD-EABEEBBCDC55}"
EndProject
Project("{2150E333-8FDC-42A3-9474-1A3956D46DE8}") = "Services", "Services", "{1AFDE1D9-51BC-471C-97D0-989745AE646C}"
EndProject
Project("{2150E333-8FDC-42A3-9474-1A3956D46DE8}") = "Web", "Web", "{483BAF09-B380-4A20-913B-506DABC85CF1}"
EndProject
Project("{9A19103F-16F7-4668-BE54-9A1E7A4F7556}") = "WebMvc", "WebMvc\WebMvc.csproj", "{9BCAAC42-9A44-4129-8EC4-533271D43C28}"
EndProject
Project("{9A19103F-16F7-4668-BE54-9A1E7A4F7556}") = "TokenServiceAPI", "TokenServiceAPI\TokenServiceAPI.csproj", "{F1EAF9FE-CDC1-4D90-9BBA-085D17E7FEDF}"
EndProject
Project("{E53339B2-1760-4266-BCC7-CA923CBCF16C}") = "docker-compose", "docker-compose.dcproj", "{B8B3F458-68C6-46E5-A7D1-C44AA0E4E47E}"
EndProject
Global
	GlobalSection(SolutionConfigurationPlatforms) = preSolution
		Debug|Any CPU = Debug|Any CPU
		Release|Any CPU = Release|Any CPU
	EndGlobalSection
	GlobalSection(ProjectConfigurationPlatforms) = postSolution
		{E1A275AE-152F-4917-BD35-9585B57196F9}.Debug|Any CPU.ActiveCfg = Debug|Any CPU
		{E1A275AE-152F-4917-BD35-9585B57196F9}.Debug|Any CPU.Build.0 = Debug|Any CPU
		{E1A275AE-152F-4917-BD35-9585B57196F9}.Release|Any CPU.ActiveCfg = Release|Any CPU
		{E1A275AE-152F-4917-BD35-9585B57196F9}.Release|Any CPU.Build.0 = Release|Any CPU
		{9BCAAC42-9A44-4129-8EC4-533271D43C28}.Debug|Any CPU.ActiveCfg = Debug|Any CPU
		{9BCAAC42-9A44-4129-8EC4-533271D43C28}.Debug|Any CPU.Build.0 = Debug|Any CPU
		{9BCAAC42-9A44-4129-8EC4-533271D43C28}.Release|Any CPU.ActiveCfg = Release|Any CPU
		{9BCAAC42-9A44-4129-8EC4-533271D43C28}.Release|Any CPU.Build.0 = Release|Any CPU
		{F1EAF9FE-CDC1-4D90-9BBA-085D17E7FEDF}.Debug|Any CPU.ActiveCfg = Debug|Any CPU
		{F1EAF9FE-CDC1-4D90-9BBA-085D17E7FEDF}.Debug|Any CPU.Build.0 = Debug|Any CPU
		{F1EAF9FE-CDC1-4D90-9BBA-085D17E7FEDF}.Release|Any CPU.ActiveCfg = Release|Any CPU
		{F1EAF9FE-CDC1-4D90-9BBA-085D17E7FEDF}.Release|Any CPU.Build.0 = Release|Any CPU
		{B8B3F458-68C6-46E5-A7D1-C44AA0E4E47E}.Debug|Any CPU.ActiveCfg = Debug|Any CPU
		{B8B3F458-68C6-46E5-A7D1-C44AA0E4E47E}.Debug|Any CPU.Build.0 = Debug|Any CPU
		{B8B3F458-68C6-46E5-A7D1-C44AA0E4E47E}.Release|Any CPU.ActiveCfg = Release|Any CPU
		{B8B3F458-68C6-46E5-A7D1-C44AA0E4E47E}.Release|Any CPU.Build.0 = Release|Any CPU
	EndGlobalSection
	GlobalSection(SolutionProperties) = preSolution
		HideSolutionNode = FALSE
	EndGlobalSection
	GlobalSection(NestedProjects) = preSolution
		{E1A275AE-152F-4917-BD35-9585B57196F9} = {1AFDE1D9-51BC-471C-97D0-989745AE646C}
		{1AFDE1D9-51BC-471C-97D0-989745AE646C} = {0B763EBD-6D4F-43A5-AEFD-EABEEBBCDC55}
		{483BAF09-B380-4A20-913B-506DABC85CF1} = {0B763EBD-6D4F-43A5-AEFD-EABEEBBCDC55}
		{9BCAAC42-9A44-4129-8EC4-533271D43C28} = {483BAF09-B380-4A20-913B-506DABC85CF1}
		{F1EAF9FE-CDC1-4D90-9BBA-085D17E7FEDF} = {1AFDE1D9-51BC-471C-97D0-989745AE646C}
	EndGlobalSection
	GlobalSection(ExtensibilityGlobals) = postSolution
		SolutionGuid = {CA3307A9-256F-4619-8A6C-26B70DF1F250}
	EndGlobalSection
EndGlobal
